
Microsoft Visual Studio Solution File, Format Version 12.00
# Visual Studio Version 16
VisualStudioVersion = 16.0.30204.135
MinimumVisualStudioVersion = 10.0.40219.1
Project("{FAE04EC0-301F-11D3-BF4B-00C04F79EFBC}") = "Organi.WebUI", "Organi.WebUI\Organi.WebUI.csproj", "{7524D8CA-288A-4E6A-9FEF-E99A4A00BA29}"
EndProject
Global
	GlobalSection(SolutionConfigurationPlatforms) = preSolution
		Debug|Any CPU = Debug|Any CPU
		Release|Any CPU = Release|Any CPU
	EndGlobalSection
	GlobalSection(ProjectConfigurationPlatforms) = postSolution
		{7524D8CA-288A-4E6A-9FEF-E99A4A00BA29}.Debug|Any CPU.ActiveCfg = Debug|Any CPU
		{7524D8CA-288A-4E6A-9FEF-E99A4A00BA29}.Debug|Any CPU.Build.0 = Debug|Any CPU
		{7524D8CA-288A-4E6A-9FEF-E99A4A00BA29}.Release|Any CPU.ActiveCfg = Release|Any CPU
		{7524D8CA-288A-4E6A-9FEF-E99A4A00BA29}.Release|Any CPU.Build.0 = Release|Any CPU
	EndGlobalSection
	GlobalSection(SolutionProperties) = preSolution
		HideSolutionNode = FALSE
	EndGlobalSection
	GlobalSection(ExtensibilityGlobals) = postSolution
		SolutionGuid = {C7ADDB51-98AA-4D6C-BA04-54F40CF4849B}
	EndGlobalSection
EndGlobal
